
Microsoft Visual Studio Solution File, Format Version 12.00
# Visual Studio 15
VisualStudioVersion = 15.0.27130.2024
MinimumVisualStudioVersion = 10.0.40219.1
Project("{FAE04EC0-301F-11D3-BF4B-00C04F79EFBC}") = "Samoloty.Console", "Samoloty.Console\Samoloty.Console.csproj", "{01DF5147-51B0-45A5-8206-1F2B64739A2E}"
EndProject
Project("{FAE04EC0-301F-11D3-BF4B-00C04F79EFBC}") = "Samoloty.Model", "Samoloty.Model\Samoloty.Model.csproj", "{4FE00E5B-72CB-4FD3-B464-7B672E559CF7}"
EndProject
Global
	GlobalSection(SolutionConfigurationPlatforms) = preSolution
		Debug|Any CPU = Debug|Any CPU
		Release|Any CPU = Release|Any CPU
	EndGlobalSection
	GlobalSection(ProjectConfigurationPlatforms) = postSolution
		{01DF5147-51B0-45A5-8206-1F2B64739A2E}.Debug|Any CPU.ActiveCfg = Debug|Any CPU
		{01DF5147-51B0-45A5-8206-1F2B64739A2E}.Debug|Any CPU.Build.0 = Debug|Any CPU
		{01DF5147-51B0-45A5-8206-1F2B64739A2E}.Release|Any CPU.ActiveCfg = Release|Any CPU
		{01DF5147-51B0-45A5-8206-1F2B64739A2E}.Release|Any CPU.Build.0 = Release|Any CPU
		{4FE00E5B-72CB-4FD3-B464-7B672E559CF7}.Debug|Any CPU.ActiveCfg = Debug|Any CPU
		{4FE00E5B-72CB-4FD3-B464-7B672E559CF7}.Debug|Any CPU.Build.0 = Debug|Any CPU
		{4FE00E5B-72CB-4FD3-B464-7B672E559CF7}.Release|Any CPU.ActiveCfg = Release|Any CPU
		{4FE00E5B-72CB-4FD3-B464-7B672E559CF7}.Release|Any CPU.Build.0 = Release|Any CPU
	EndGlobalSection
	GlobalSection(SolutionProperties) = preSolution
		HideSolutionNode = FALSE
	EndGlobalSection
	GlobalSection(ExtensibilityGlobals) = postSolution
		SolutionGuid = {BA066EF7-2E87-45E7-AED5-50DF46CA6446}
	EndGlobalSection
EndGlobal
